// !$*UTF8*$!
{
	archiveVersion = 1;
	classes = {
	};
	objectVersion = 56;
	objects = {

/* Begin PBXBuildFile section */
		791A194E2C522345007FCBA6 /* HomePage.swift in Sources */ = {isa = PBXBuildFile; fileRef = 791A194D2C522345007FCBA6 /* HomePage.swift */; };
		791A19502C54BBDF007FCBA6 /* CircleProgressBar.swift in Sources */ = {isa = PBXBuildFile; fileRef = 791A194F2C54BBDF007FCBA6 /* CircleProgressBar.swift */; };
		791A19542C5628A6007FCBA6 /* ProgressBar.swift in Sources */ = {isa = PBXBuildFile; fileRef = 791A19532C5628A6007FCBA6 /* ProgressBar.swift */; };
		791A19562C58CDBF007FCBA6 /* CircleLogButton.swift in Sources */ = {isa = PBXBuildFile; fileRef = 791A19552C58CDBF007FCBA6 /* CircleLogButton.swift */; };
		792BB1902C7C2BAC0080C212 /* SettingsView.swift in Sources */ = {isa = PBXBuildFile; fileRef = 792BB18F2C7C2BAC0080C212 /* SettingsView.swift */; };
		7949232F2C7C6391009B211D /* EnterMealViewModel.swift in Sources */ = {isa = PBXBuildFile; fileRef = 7949232E2C7C6391009B211D /* EnterMealViewModel.swift */; };
		794923312C7D633A009B211D /* HomePageViewModel.swift in Sources */ = {isa = PBXBuildFile; fileRef = 794923302C7D633A009B211D /* HomePageViewModel.swift */; };
		794923332C7D6D78009B211D /* FirstLaunchView.swift in Sources */ = {isa = PBXBuildFile; fileRef = 794923322C7D6D78009B211D /* FirstLaunchView.swift */; };
		794923352C7D6E0F009B211D /* FirstLaunchViewModel.swift in Sources */ = {isa = PBXBuildFile; fileRef = 794923342C7D6E0F009B211D /* FirstLaunchViewModel.swift */; };
		797CFE9D2C75CB9C00F7F3A4 /* Lato-Regular.ttf in Resources */ = {isa = PBXBuildFile; fileRef = 797CFE9C2C75CB9C00F7F3A4 /* Lato-Regular.ttf */; };
		797CFEA12C75CBB600F7F3A4 /* Montserrat-Regular.ttf in Resources */ = {isa = PBXBuildFile; fileRef = 797CFEA02C75CBB600F7F3A4 /* Montserrat-Regular.ttf */; };
		797CFEB32C75CC6400F7F3A4 /* Montserrat-ExtraLight.ttf in Resources */ = {isa = PBXBuildFile; fileRef = 797CFEAE2C75CC6400F7F3A4 /* Montserrat-ExtraLight.ttf */; };
		797CFEB52C75CC6400F7F3A4 /* Montserrat-LightItalic.ttf in Resources */ = {isa = PBXBuildFile; fileRef = 797CFEB02C75CC6400F7F3A4 /* Montserrat-LightItalic.ttf */; };
		797CFEB62C75CC6400F7F3A4 /* Montserrat-ExtraLightItalic.ttf in Resources */ = {isa = PBXBuildFile; fileRef = 797CFEB12C75CC6400F7F3A4 /* Montserrat-ExtraLightItalic.ttf */; };
		797CFEB72C75CC6400F7F3A4 /* Montserrat-Light.ttf in Resources */ = {isa = PBXBuildFile; fileRef = 797CFEB22C75CC6400F7F3A4 /* Montserrat-Light.ttf */; };
		797CFEB92C75CC6F00F7F3A4 /* Montserrat-Thin.ttf in Resources */ = {isa = PBXBuildFile; fileRef = 797CFEB82C75CC6F00F7F3A4 /* Montserrat-Thin.ttf */; };
		797CFEBB2C75CC8700F7F3A4 /* Lato-Light.ttf in Resources */ = {isa = PBXBuildFile; fileRef = 797CFEBA2C75CC8700F7F3A4 /* Lato-Light.ttf */; };
		797CFEBD2C75CC8E00F7F3A4 /* Lato-Thin.ttf in Resources */ = {isa = PBXBuildFile; fileRef = 797CFEBC2C75CC8E00F7F3A4 /* Lato-Thin.ttf */; };
		797CFEC22C75CEBE00F7F3A4 /* Montserrat-Bold.ttf in Resources */ = {isa = PBXBuildFile; fileRef = 797CFEC12C75CEBE00F7F3A4 /* Montserrat-Bold.ttf */; };
		797CFEC52C75D07F00F7F3A4 /* MyFontExtensions.swift in Sources */ = {isa = PBXBuildFile; fileRef = 797CFEC42C75D07F00F7F3A4 /* MyFontExtensions.swift */; };
		79A95FFC2C76E1C000D77376 /* SetUserGoalsView.swift in Sources */ = {isa = PBXBuildFile; fileRef = 79A95FFB2C76E1C000D77376 /* SetUserGoalsView.swift */; };
		79C049972C24147900E15814 /* MacroTrackerApp.swift in Sources */ = {isa = PBXBuildFile; fileRef = 79C049962C24147900E15814 /* MacroTrackerApp.swift */; };
		79C049992C24147900E15814 /* EnterMealView.swift in Sources */ = {isa = PBXBuildFile; fileRef = 79C049982C24147900E15814 /* EnterMealView.swift */; };
		79C0499B2C24147900E15814 /* Item.swift in Sources */ = {isa = PBXBuildFile; fileRef = 79C0499A2C24147900E15814 /* Item.swift */; };
		79C0499D2C24147A00E15814 /* Assets.xcassets in Resources */ = {isa = PBXBuildFile; fileRef = 79C0499C2C24147A00E15814 /* Assets.xcassets */; };
		79C049A02C24147A00E15814 /* Preview Assets.xcassets in Resources */ = {isa = PBXBuildFile; fileRef = 79C0499F2C24147A00E15814 /* Preview Assets.xcassets */; };
		79C049A72C2414B300E15814 /* Macros.swift in Sources */ = {isa = PBXBuildFile; fileRef = 79C049A62C2414B300E15814 /* Macros.swift */; };
		79EB75C32C75A6600063FDCE /* ResetLogButton.swift in Sources */ = {isa = PBXBuildFile; fileRef = 79EB75C22C75A65F0063FDCE /* ResetLogButton.swift */; };
		79EB75C52C75ADD50063FDCE /* UserLogsButton.swift in Sources */ = {isa = PBXBuildFile; fileRef = 79EB75C42C75ADD50063FDCE /* UserLogsButton.swift */; };
		79F601E12C61E8F600613C43 /* LoggedFoodsView.swift in Sources */ = {isa = PBXBuildFile; fileRef = 79F601E02C61E8F600613C43 /* LoggedFoodsView.swift */; };
/* End PBXBuildFile section */

/* Begin PBXFileReference section */
		791A194D2C522345007FCBA6 /* HomePage.swift */ = {isa = PBXFileReference; lastKnownFileType = sourcecode.swift; path = HomePage.swift; sourceTree = "<group>"; };
		791A194F2C54BBDF007FCBA6 /* CircleProgressBar.swift */ = {isa = PBXFileReference; lastKnownFileType = sourcecode.swift; path = CircleProgressBar.swift; sourceTree = "<group>"; };
		791A19532C5628A6007FCBA6 /* ProgressBar.swift */ = {isa = PBXFileReference; lastKnownFileType = sourcecode.swift; path = ProgressBar.swift; sourceTree = "<group>"; };
		791A19552C58CDBF007FCBA6 /* CircleLogButton.swift */ = {isa = PBXFileReference; lastKnownFileType = sourcecode.swift; path = CircleLogButton.swift; sourceTree = "<group>"; };
		792BB18F2C7C2BAC0080C212 /* SettingsView.swift */ = {isa = PBXFileReference; lastKnownFileType = sourcecode.swift; path = SettingsView.swift; sourceTree = "<group>"; };
		7949232E2C7C6391009B211D /* EnterMealViewModel.swift */ = {isa = PBXFileReference; lastKnownFileType = sourcecode.swift; path = EnterMealViewModel.swift; sourceTree = "<group>"; };
		794923302C7D633A009B211D /* HomePageViewModel.swift */ = {isa = PBXFileReference; lastKnownFileType = sourcecode.swift; path = HomePageViewModel.swift; sourceTree = "<group>"; };
		794923322C7D6D78009B211D /* FirstLaunchView.swift */ = {isa = PBXFileReference; lastKnownFileType = sourcecode.swift; path = FirstLaunchView.swift; sourceTree = "<group>"; };
		794923342C7D6E0F009B211D /* FirstLaunchViewModel.swift */ = {isa = PBXFileReference; lastKnownFileType = sourcecode.swift; path = FirstLaunchViewModel.swift; sourceTree = "<group>"; };
		797CFE9C2C75CB9C00F7F3A4 /* Lato-Regular.ttf */ = {isa = PBXFileReference; lastKnownFileType = file; path = "Lato-Regular.ttf"; sourceTree = "<group>"; };
		797CFEA02C75CBB600F7F3A4 /* Montserrat-Regular.ttf */ = {isa = PBXFileReference; lastKnownFileType = file; path = "Montserrat-Regular.ttf"; sourceTree = "<group>"; };
		797CFEAE2C75CC6400F7F3A4 /* Montserrat-ExtraLight.ttf */ = {isa = PBXFileReference; lastKnownFileType = file; path = "Montserrat-ExtraLight.ttf"; sourceTree = "<group>"; };
		797CFEB02C75CC6400F7F3A4 /* Montserrat-LightItalic.ttf */ = {isa = PBXFileReference; lastKnownFileType = file; path = "Montserrat-LightItalic.ttf"; sourceTree = "<group>"; };
		797CFEB12C75CC6400F7F3A4 /* Montserrat-ExtraLightItalic.ttf */ = {isa = PBXFileReference; lastKnownFileType = file; path = "Montserrat-ExtraLightItalic.ttf"; sourceTree = "<group>"; };
		797CFEB22C75CC6400F7F3A4 /* Montserrat-Light.ttf */ = {isa = PBXFileReference; lastKnownFileType = file; path = "Montserrat-Light.ttf"; sourceTree = "<group>"; };
		797CFEB82C75CC6F00F7F3A4 /* Montserrat-Thin.ttf */ = {isa = PBXFileReference; lastKnownFileType = file; path = "Montserrat-Thin.ttf"; sourceTree = "<group>"; };
		797CFEBA2C75CC8700F7F3A4 /* Lato-Light.ttf */ = {isa = PBXFileReference; lastKnownFileType = file; path = "Lato-Light.ttf"; sourceTree = "<group>"; };
		797CFEBC2C75CC8E00F7F3A4 /* Lato-Thin.ttf */ = {isa = PBXFileReference; lastKnownFileType = file; path = "Lato-Thin.ttf"; sourceTree = "<group>"; };
		797CFEBE2C75CD5C00F7F3A4 /* Info.plist */ = {isa = PBXFileReference; lastKnownFileType = text.plist; path = Info.plist; sourceTree = "<group>"; };
		797CFEC12C75CEBE00F7F3A4 /* Montserrat-Bold.ttf */ = {isa = PBXFileReference; lastKnownFileType = file; name = "Montserrat-Bold.ttf"; path = "../../../../../Downloads/Lato,Montserrat,Roboto/Montserrat/static/Montserrat-Bold.ttf"; sourceTree = "<group>"; };
		797CFEC42C75D07F00F7F3A4 /* MyFontExtensions.swift */ = {isa = PBXFileReference; lastKnownFileType = sourcecode.swift; path = MyFontExtensions.swift; sourceTree = "<group>"; };
		79A95FFB2C76E1C000D77376 /* SetUserGoalsView.swift */ = {isa = PBXFileReference; lastKnownFileType = sourcecode.swift; path = SetUserGoalsView.swift; sourceTree = "<group>"; };
		79C049932C24147900E15814 /* MacroTracker.app */ = {isa = PBXFileReference; explicitFileType = wrapper.application; includeInIndex = 0; path = MacroTracker.app; sourceTree = BUILT_PRODUCTS_DIR; };
		79C049962C24147900E15814 /* MacroTrackerApp.swift */ = {isa = PBXFileReference; lastKnownFileType = sourcecode.swift; path = MacroTrackerApp.swift; sourceTree = "<group>"; };
		79C049982C24147900E15814 /* EnterMealView.swift */ = {isa = PBXFileReference; lastKnownFileType = sourcecode.swift; path = EnterMealView.swift; sourceTree = "<group>"; };
		79C0499A2C24147900E15814 /* Item.swift */ = {isa = PBXFileReference; lastKnownFileType = sourcecode.swift; path = Item.swift; sourceTree = "<group>"; };
		79C0499C2C24147A00E15814 /* Assets.xcassets */ = {isa = PBXFileReference; lastKnownFileType = folder.assetcatalog; path = Assets.xcassets; sourceTree = "<group>"; };
		79C0499F2C24147A00E15814 /* Preview Assets.xcassets */ = {isa = PBXFileReference; lastKnownFileType = folder.assetcatalog; path = "Preview Assets.xcassets"; sourceTree = "<group>"; };
		79C049A62C2414B300E15814 /* Macros.swift */ = {isa = PBXFileReference; lastKnownFileType = sourcecode.swift; path = Macros.swift; sourceTree = "<group>"; };
		79EB75C22C75A65F0063FDCE /* ResetLogButton.swift */ = {isa = PBXFileReference; lastKnownFileType = sourcecode.swift; path = ResetLogButton.swift; sourceTree = "<group>"; };
		79EB75C42C75ADD50063FDCE /* UserLogsButton.swift */ = {isa = PBXFileReference; lastKnownFileType = sourcecode.swift; path = UserLogsButton.swift; sourceTree = "<group>"; };
		79F601E02C61E8F600613C43 /* LoggedFoodsView.swift */ = {isa = PBXFileReference; lastKnownFileType = sourcecode.swift; path = LoggedFoodsView.swift; sourceTree = "<group>"; };
/* End PBXFileReference section */

/* Begin PBXFrameworksBuildPhase section */
		79C049902C24147900E15814 /* Frameworks */ = {
			isa = PBXFrameworksBuildPhase;
			buildActionMask = 2147483647;
			files = (
			);
			runOnlyForDeploymentPostprocessing = 0;
		};
/* End PBXFrameworksBuildPhase section */

/* Begin PBXGroup section */
		79A474D52C799F6900A2E723 /* Views */ = {
			isa = PBXGroup;
			children = (
				79A474D82C799FDE00A2E723 /* UI Shapes */,
				791A194D2C522345007FCBA6 /* HomePage.swift */,
				79C049982C24147900E15814 /* EnterMealView.swift */,
				79F601E02C61E8F600613C43 /* LoggedFoodsView.swift */,
				79A95FFB2C76E1C000D77376 /* SetUserGoalsView.swift */,
				792BB18F2C7C2BAC0080C212 /* SettingsView.swift */,
				794923322C7D6D78009B211D /* FirstLaunchView.swift */,
			);
			path = Views;
			sourceTree = "<group>";
		};
		79A474D62C799F7500A2E723 /* Model */ = {
			isa = PBXGroup;
			children = (
				79C049A62C2414B300E15814 /* Macros.swift */,
				79C049962C24147900E15814 /* MacroTrackerApp.swift */,
			);
			path = Model;
			sourceTree = "<group>";
		};
		79A474D82C799FDE00A2E723 /* UI Shapes */ = {
			isa = PBXGroup;
			children = (
				791A19532C5628A6007FCBA6 /* ProgressBar.swift */,
				79EB75C42C75ADD50063FDCE /* UserLogsButton.swift */,
				79EB75C22C75A65F0063FDCE /* ResetLogButton.swift */,
				791A194F2C54BBDF007FCBA6 /* CircleProgressBar.swift */,
				791A19552C58CDBF007FCBA6 /* CircleLogButton.swift */,
			);
			path = "UI Shapes";
			sourceTree = "<group>";
		};
		79A474D92C79A00F00A2E723 /* ViewModels */ = {
			isa = PBXGroup;
			children = (
				7949232E2C7C6391009B211D /* EnterMealViewModel.swift */,
				794923302C7D633A009B211D /* HomePageViewModel.swift */,
				794923342C7D6E0F009B211D /* FirstLaunchViewModel.swift */,
			);
			path = ViewModels;
			sourceTree = "<group>";
		};
		79C0498A2C24147900E15814 = {
			isa = PBXGroup;
			children = (
				79C049952C24147900E15814 /* MacroTracker */,
				79C049942C24147900E15814 /* Products */,
			);
			sourceTree = "<group>";
		};
		79C049942C24147900E15814 /* Products */ = {
			isa = PBXGroup;
			children = (
				79C049932C24147900E15814 /* MacroTracker.app */,
			);
			name = Products;
			sourceTree = "<group>";
		};
		79C049952C24147900E15814 /* MacroTracker */ = {
			isa = PBXGroup;
			children = (
				79A474D92C79A00F00A2E723 /* ViewModels */,
				79A474D62C799F7500A2E723 /* Model */,
				79A474D52C799F6900A2E723 /* Views */,
				797CFEBE2C75CD5C00F7F3A4 /* Info.plist */,
				79C0499A2C24147900E15814 /* Item.swift */,
				79C0499C2C24147A00E15814 /* Assets.xcassets */,
				79C0499E2C24147A00E15814 /* Preview Content */,
				79F601DE2C5CA30800613C43 /* App_Fonts */,
				797CFEC42C75D07F00F7F3A4 /* MyFontExtensions.swift */,
			);
			path = MacroTracker;
			sourceTree = "<group>";
		};
		79C0499E2C24147A00E15814 /* Preview Content */ = {
			isa = PBXGroup;
			children = (
				79C0499F2C24147A00E15814 /* Preview Assets.xcassets */,
			);
			path = "Preview Content";
			sourceTree = "<group>";
		};
		79F601DE2C5CA30800613C43 /* App_Fonts */ = {
			isa = PBXGroup;
			children = (
				797CFEC12C75CEBE00F7F3A4 /* Montserrat-Bold.ttf */,
				797CFEBC2C75CC8E00F7F3A4 /* Lato-Thin.ttf */,
				797CFEBA2C75CC8700F7F3A4 /* Lato-Light.ttf */,
				797CFEB82C75CC6F00F7F3A4 /* Montserrat-Thin.ttf */,
				797CFEAE2C75CC6400F7F3A4 /* Montserrat-ExtraLight.ttf */,
				797CFEB12C75CC6400F7F3A4 /* Montserrat-ExtraLightItalic.ttf */,
				797CFEB22C75CC6400F7F3A4 /* Montserrat-Light.ttf */,
				797CFEB02C75CC6400F7F3A4 /* Montserrat-LightItalic.ttf */,
				797CFEA02C75CBB600F7F3A4 /* Montserrat-Regular.ttf */,
				797CFE9C2C75CB9C00F7F3A4 /* Lato-Regular.ttf */,
			);
			path = App_Fonts;
			sourceTree = "<group>";
		};
/* End PBXGroup section */

/* Begin PBXNativeTarget section */
		79C049922C24147900E15814 /* MacroTracker */ = {
			isa = PBXNativeTarget;
			buildConfigurationList = 79C049A32C24147A00E15814 /* Build configuration list for PBXNativeTarget "MacroTracker" */;
			buildPhases = (
				79C0498F2C24147900E15814 /* Sources */,
				79C049902C24147900E15814 /* Frameworks */,
				79C049912C24147900E15814 /* Resources */,
			);
			buildRules = (
			);
			dependencies = (
			);
			name = MacroTracker;
			productName = MacroTracker;
			productReference = 79C049932C24147900E15814 /* MacroTracker.app */;
			productType = "com.apple.product-type.application";
		};
/* End PBXNativeTarget section */

/* Begin PBXProject section */
		79C0498B2C24147900E15814 /* Project object */ = {
			isa = PBXProject;
			attributes = {
				BuildIndependentTargetsInParallel = 1;
				LastSwiftUpdateCheck = 1540;
				LastUpgradeCheck = 1540;
				TargetAttributes = {
					79C049922C24147900E15814 = {
						CreatedOnToolsVersion = 15.4;
					};
				};
			};
			buildConfigurationList = 79C0498E2C24147900E15814 /* Build configuration list for PBXProject "MacroTracker" */;
			compatibilityVersion = "Xcode 14.0";
			developmentRegion = en;
			hasScannedForEncodings = 0;
			knownRegions = (
				en,
				Base,
			);
			mainGroup = 79C0498A2C24147900E15814;
			productRefGroup = 79C049942C24147900E15814 /* Products */;
			projectDirPath = "";
			projectRoot = "";
			targets = (
				79C049922C24147900E15814 /* MacroTracker */,
			);
		};
/* End PBXProject section */

/* Begin PBXResourcesBuildPhase section */
		79C049912C24147900E15814 /* Resources */ = {
			isa = PBXResourcesBuildPhase;
			buildActionMask = 2147483647;
			files = (
				797CFEBB2C75CC8700F7F3A4 /* Lato-Light.ttf in Resources */,
				797CFEA12C75CBB600F7F3A4 /* Montserrat-Regular.ttf in Resources */,
				797CFEB72C75CC6400F7F3A4 /* Montserrat-Light.ttf in Resources */,
				79C049A02C24147A00E15814 /* Preview Assets.xcassets in Resources */,
				797CFEB52C75CC6400F7F3A4 /* Montserrat-LightItalic.ttf in Resources */,
				797CFEB92C75CC6F00F7F3A4 /* Montserrat-Thin.ttf in Resources */,
				797CFEB62C75CC6400F7F3A4 /* Montserrat-ExtraLightItalic.ttf in Resources */,
				797CFEB32C75CC6400F7F3A4 /* Montserrat-ExtraLight.ttf in Resources */,
				79C0499D2C24147A00E15814 /* Assets.xcassets in Resources */,
				797CFEBD2C75CC8E00F7F3A4 /* Lato-Thin.ttf in Resources */,
				797CFEC22C75CEBE00F7F3A4 /* Montserrat-Bold.ttf in Resources */,
				797CFE9D2C75CB9C00F7F3A4 /* Lato-Regular.ttf in Resources */,
			);
			runOnlyForDeploymentPostprocessing = 0;
		};
/* End PBXResourcesBuildPhase section */

/* Begin PBXSourcesBuildPhase section */
		79C0498F2C24147900E15814 /* Sources */ = {
			isa = PBXSourcesBuildPhase;
			buildActionMask = 2147483647;
			files = (
				792BB1902C7C2BAC0080C212 /* SettingsView.swift in Sources */,
				7949232F2C7C6391009B211D /* EnterMealViewModel.swift in Sources */,
				791A19562C58CDBF007FCBA6 /* CircleLogButton.swift in Sources */,
				791A19502C54BBDF007FCBA6 /* CircleProgressBar.swift in Sources */,
				794923352C7D6E0F009B211D /* FirstLaunchViewModel.swift in Sources */,
				794923332C7D6D78009B211D /* FirstLaunchView.swift in Sources */,
				794923312C7D633A009B211D /* HomePageViewModel.swift in Sources */,
				79EB75C52C75ADD50063FDCE /* UserLogsButton.swift in Sources */,
				79A95FFC2C76E1C000D77376 /* SetUserGoalsView.swift in Sources */,
				791A194E2C522345007FCBA6 /* HomePage.swift in Sources */,
				79C049A72C2414B300E15814 /* Macros.swift in Sources */,
				79F601E12C61E8F600613C43 /* LoggedFoodsView.swift in Sources */,
				79C049992C24147900E15814 /* EnterMealView.swift in Sources */,
				79C0499B2C24147900E15814 /* Item.swift in Sources */,
				79C049972C24147900E15814 /* MacroTrackerApp.swift in Sources */,
				79EB75C32C75A6600063FDCE /* ResetLogButton.swift in Sources */,
				797CFEC52C75D07F00F7F3A4 /* MyFontExtensions.swift in Sources */,
				791A19542C5628A6007FCBA6 /* ProgressBar.swift in Sources */,
			);
			runOnlyForDeploymentPostprocessing = 0;
		};
/* End PBXSourcesBuildPhase section */

/* Begin XCBuildConfiguration section */
		79C049A12C24147A00E15814 /* Debug */ = {
			isa = XCBuildConfiguration;
			buildSettings = {
				ALWAYS_SEARCH_USER_PATHS = NO;
				ASSETCATALOG_COMPILER_GENERATE_SWIFT_ASSET_SYMBOL_EXTENSIONS = YES;
				CLANG_ANALYZER_NONNULL = YES;
				CLANG_ANALYZER_NUMBER_OBJECT_CONVERSION = YES_AGGRESSIVE;
				CLANG_CXX_LANGUAGE_STANDARD = "gnu++20";
				CLANG_ENABLE_MODULES = YES;
				CLANG_ENABLE_OBJC_ARC = YES;
				CLANG_ENABLE_OBJC_WEAK = YES;
				CLANG_WARN_BLOCK_CAPTURE_AUTORELEASING = YES;
				CLANG_WARN_BOOL_CONVERSION = YES;
				CLANG_WARN_COMMA = YES;
				CLANG_WARN_CONSTANT_CONVERSION = YES;
				CLANG_WARN_DEPRECATED_OBJC_IMPLEMENTATIONS = YES;
				CLANG_WARN_DIRECT_OBJC_ISA_USAGE = YES_ERROR;
				CLANG_WARN_DOCUMENTATION_COMMENTS = YES;
				CLANG_WARN_EMPTY_BODY = YES;
				CLANG_WARN_ENUM_CONVERSION = YES;
				CLANG_WARN_INFINITE_RECURSION = YES;
				CLANG_WARN_INT_CONVERSION = YES;
				CLANG_WARN_NON_LITERAL_NULL_CONVERSION = YES;
				CLANG_WARN_OBJC_IMPLICIT_RETAIN_SELF = YES;
				CLANG_WARN_OBJC_LITERAL_CONVERSION = YES;
				CLANG_WARN_OBJC_ROOT_CLASS = YES_ERROR;
				CLANG_WARN_QUOTED_INCLUDE_IN_FRAMEWORK_HEADER = YES;
				CLANG_WARN_RANGE_LOOP_ANALYSIS = YES;
				CLANG_WARN_STRICT_PROTOTYPES = YES;
				CLANG_WARN_SUSPICIOUS_MOVE = YES;
				CLANG_WARN_UNGUARDED_AVAILABILITY = YES_AGGRESSIVE;
				CLANG_WARN_UNREACHABLE_CODE = YES;
				CLANG_WARN__DUPLICATE_METHOD_MATCH = YES;
				COPY_PHASE_STRIP = NO;
				DEBUG_INFORMATION_FORMAT = dwarf;
				ENABLE_STRICT_OBJC_MSGSEND = YES;
				ENABLE_TESTABILITY = YES;
				ENABLE_USER_SCRIPT_SANDBOXING = YES;
				GCC_C_LANGUAGE_STANDARD = gnu17;
				GCC_DYNAMIC_NO_PIC = NO;
				GCC_NO_COMMON_BLOCKS = YES;
				GCC_OPTIMIZATION_LEVEL = 0;
				GCC_PREPROCESSOR_DEFINITIONS = (
					"DEBUG=1",
					"$(inherited)",
				);
				GCC_WARN_64_TO_32_BIT_CONVERSION = YES;
				GCC_WARN_ABOUT_RETURN_TYPE = YES_ERROR;
				GCC_WARN_UNDECLARED_SELECTOR = YES;
				GCC_WARN_UNINITIALIZED_AUTOS = YES_AGGRESSIVE;
				GCC_WARN_UNUSED_FUNCTION = YES;
				GCC_WARN_UNUSED_VARIABLE = YES;
				IPHONEOS_DEPLOYMENT_TARGET = 17.5;
				LOCALIZATION_PREFERS_STRING_CATALOGS = YES;
				MTL_ENABLE_DEBUG_INFO = INCLUDE_SOURCE;
				MTL_FAST_MATH = YES;
				ONLY_ACTIVE_ARCH = YES;
				SDKROOT = iphoneos;
				SWIFT_ACTIVE_COMPILATION_CONDITIONS = "DEBUG $(inherited)";
				SWIFT_OPTIMIZATION_LEVEL = "-Onone";
			};
			name = Debug;
		};
		79C049A22C24147A00E15814 /* Release */ = {
			isa = XCBuildConfiguration;
			buildSettings = {
				ALWAYS_SEARCH_USER_PATHS = NO;
				ASSETCATALOG_COMPILER_GENERATE_SWIFT_ASSET_SYMBOL_EXTENSIONS = YES;
				CLANG_ANALYZER_NONNULL = YES;
				CLANG_ANALYZER_NUMBER_OBJECT_CONVERSION = YES_AGGRESSIVE;
				CLANG_CXX_LANGUAGE_STANDARD = "gnu++20";
				CLANG_ENABLE_MODULES = YES;
				CLANG_ENABLE_OBJC_ARC = YES;
				CLANG_ENABLE_OBJC_WEAK = YES;
				CLANG_WARN_BLOCK_CAPTURE_AUTORELEASING = YES;
				CLANG_WARN_BOOL_CONVERSION = YES;
				CLANG_WARN_COMMA = YES;
				CLANG_WARN_CONSTANT_CONVERSION = YES;
				CLANG_WARN_DEPRECATED_OBJC_IMPLEMENTATIONS = YES;
				CLANG_WARN_DIRECT_OBJC_ISA_USAGE = YES_ERROR;
				CLANG_WARN_DOCUMENTATION_COMMENTS = YES;
				CLANG_WARN_EMPTY_BODY = YES;
				CLANG_WARN_ENUM_CONVERSION = YES;
				CLANG_WARN_INFINITE_RECURSION = YES;
				CLANG_WARN_INT_CONVERSION = YES;
				CLANG_WARN_NON_LITERAL_NULL_CONVERSION = YES;
				CLANG_WARN_OBJC_IMPLICIT_RETAIN_SELF = YES;
				CLANG_WARN_OBJC_LITERAL_CONVERSION = YES;
				CLANG_WARN_OBJC_ROOT_CLASS = YES_ERROR;
				CLANG_WARN_QUOTED_INCLUDE_IN_FRAMEWORK_HEADER = YES;
				CLANG_WARN_RANGE_LOOP_ANALYSIS = YES;
				CLANG_WARN_STRICT_PROTOTYPES = YES;
				CLANG_WARN_SUSPICIOUS_MOVE = YES;
				CLANG_WARN_UNGUARDED_AVAILABILITY = YES_AGGRESSIVE;
				CLANG_WARN_UNREACHABLE_CODE = YES;
				CLANG_WARN__DUPLICATE_METHOD_MATCH = YES;
				COPY_PHASE_STRIP = NO;
				DEBUG_INFORMATION_FORMAT = "dwarf-with-dsym";
				ENABLE_NS_ASSERTIONS = NO;
				ENABLE_STRICT_OBJC_MSGSEND = YES;
				ENABLE_USER_SCRIPT_SANDBOXING = YES;
				GCC_C_LANGUAGE_STANDARD = gnu17;
				GCC_NO_COMMON_BLOCKS = YES;
				GCC_WARN_64_TO_32_BIT_CONVERSION = YES;
				GCC_WARN_ABOUT_RETURN_TYPE = YES_ERROR;
				GCC_WARN_UNDECLARED_SELECTOR = YES;
				GCC_WARN_UNINITIALIZED_AUTOS = YES_AGGRESSIVE;
				GCC_WARN_UNUSED_FUNCTION = YES;
				GCC_WARN_UNUSED_VARIABLE = YES;
				IPHONEOS_DEPLOYMENT_TARGET = 17.5;
				LOCALIZATION_PREFERS_STRING_CATALOGS = YES;
				MTL_ENABLE_DEBUG_INFO = NO;
				MTL_FAST_MATH = YES;
				SDKROOT = iphoneos;
				SWIFT_COMPILATION_MODE = wholemodule;
				VALIDATE_PRODUCT = YES;
			};
			name = Release;
		};
		79C049A42C24147A00E15814 /* Debug */ = {
			isa = XCBuildConfiguration;
			buildSettings = {
				ASSETCATALOG_COMPILER_APPICON_NAME = AppIcon;
				ASSETCATALOG_COMPILER_GLOBAL_ACCENT_COLOR_NAME = AccentColor;
				CODE_SIGN_STYLE = Automatic;
				CURRENT_PROJECT_VERSION = 1;
				DEVELOPMENT_ASSET_PATHS = "\"MacroTracker/Preview Content\"";
				ENABLE_PREVIEWS = YES;
				GENERATE_INFOPLIST_FILE = YES;
				INFOPLIST_FILE = MacroTracker/Info.plist;
				INFOPLIST_KEY_UIApplicationSceneManifest_Generation = YES;
				INFOPLIST_KEY_UIApplicationSupportsIndirectInputEvents = YES;
				INFOPLIST_KEY_UILaunchScreen_Generation = YES;
				INFOPLIST_KEY_UISupportedInterfaceOrientations_iPad = "UIInterfaceOrientationPortrait UIInterfaceOrientationPortraitUpsideDown UIInterfaceOrientationLandscapeLeft UIInterfaceOrientationLandscapeRight";
				INFOPLIST_KEY_UISupportedInterfaceOrientations_iPhone = "UIInterfaceOrientationPortrait UIInterfaceOrientationLandscapeLeft UIInterfaceOrientationLandscapeRight";
				LD_RUNPATH_SEARCH_PATHS = (
					"$(inherited)",
					"@executable_path/Frameworks",
				);
				MARKETING_VERSION = 1.0;
				PRODUCT_BUNDLE_IDENTIFIER = me.rowley.chris.MacroTracker;
				PRODUCT_NAME = "$(TARGET_NAME)";
				SWIFT_EMIT_LOC_STRINGS = YES;
				SWIFT_VERSION = 5.0;
				TARGETED_DEVICE_FAMILY = "1,2";
			};
			name = Debug;
		};
		79C049A52C24147A00E15814 /* Release */ = {
			isa = XCBuildConfiguration;
			buildSettings = {
				ASSETCATALOG_COMPILER_APPICON_NAME = AppIcon;
				ASSETCATALOG_COMPILER_GLOBAL_ACCENT_COLOR_NAME = AccentColor;
				CODE_SIGN_STYLE = Automatic;
				CURRENT_PROJECT_VERSION = 1;
				DEVELOPMENT_ASSET_PATHS = "\"MacroTracker/Preview Content\"";
				ENABLE_PREVIEWS = YES;
				GENERATE_INFOPLIST_FILE = YES;
				INFOPLIST_FILE = MacroTracker/Info.plist;
				INFOPLIST_KEY_UIApplicationSceneManifest_Generation = YES;
				INFOPLIST_KEY_UIApplicationSupportsIndirectInputEvents = YES;
				INFOPLIST_KEY_UILaunchScreen_Generation = YES;
				INFOPLIST_KEY_UISupportedInterfaceOrientations_iPad = "UIInterfaceOrientationPortrait UIInterfaceOrientationPortraitUpsideDown UIInterfaceOrientationLandscapeLeft UIInterfaceOrientationLandscapeRight";
				INFOPLIST_KEY_UISupportedInterfaceOrientations_iPhone = "UIInterfaceOrientationPortrait UIInterfaceOrientationLandscapeLeft UIInterfaceOrientationLandscapeRight";
				LD_RUNPATH_SEARCH_PATHS = (
					"$(inherited)",
					"@executable_path/Frameworks",
				);
				MARKETING_VERSION = 1.0;
				PRODUCT_BUNDLE_IDENTIFIER = me.rowley.chris.MacroTracker;
				PRODUCT_NAME = "$(TARGET_NAME)";
				SWIFT_EMIT_LOC_STRINGS = YES;
				SWIFT_VERSION = 5.0;
				TARGETED_DEVICE_FAMILY = "1,2";
			};
			name = Release;
		};
/* End XCBuildConfiguration section */

/* Begin XCConfigurationList section */
		79C0498E2C24147900E15814 /* Build configuration list for PBXProject "MacroTracker" */ = {
			isa = XCConfigurationList;
			buildConfigurations = (
				79C049A12C24147A00E15814 /* Debug */,
				79C049A22C24147A00E15814 /* Release */,
			);
			defaultConfigurationIsVisible = 0;
			defaultConfigurationName = Release;
		};
		79C049A32C24147A00E15814 /* Build configuration list for PBXNativeTarget "MacroTracker" */ = {
			isa = XCConfigurationList;
			buildConfigurations = (
				79C049A42C24147A00E15814 /* Debug */,
				79C049A52C24147A00E15814 /* Release */,
			);
			defaultConfigurationIsVisible = 0;
			defaultConfigurationName = Release;
		};
/* End XCConfigurationList section */
	};
	rootObject = 79C0498B2C24147900E15814 /* Project object */;
}
